PODS:
  - e2e (0.0.1):
    - Flutter
  - Flutter (1.0.0)
  - Stripe (19.3.0)
  - stripe_payment (1.0.0):
    - Flutter
    - Stripe (~> 19.3.0)

DEPENDENCIES:
  - e2e (from `.symlinks/plugins/e2e/ios`)
  - Flutter (from `Flutter`)
  - stripe_payment (from `.symlinks/plugins/stripe_payment/ios`)

SPEC REPOS:
  trunk:
    - Stripe

EXTERNAL SOURCES:
  e2e:
    :path: ".symlinks/plugins/e2e/ios"
  Flutter:
    :path: Flutter
  stripe_payment:
    :path: ".symlinks/plugins/stripe_payment/ios"

SPEC CHECKSUMS:
  e2e: d0c9f8c832b4cc7ab386d0c0f0af67fe5ac0c3bd
  Flutter: 0e3d915762c693b495b44d77113d4970485de6ec
  Stripe: dd5bfdd5f1daed4f9ddbfb47e9449ec302f9f708
  stripe_payment: 57f4c029618cd482dfc29cf022bb14e767cd2074

PODFILE CHECKSUM: fe0e1ee7f3d1f7d00b11b474b62dd62134535aea

COCOAPODS: 1.9.3
